
Microsoft Visual Studio Solution File, Format Version 12.00
# Visual Studio Version 17
VisualStudioVersion = 17.6.33829.357
MinimumVisualStudioVersion = 10.0.40219.1
Project("{9A19103F-16F7-4668-BE54-9A1E7A4F7556}") = "BestStories.Api", "src\BestStories.Api\BestStories.Api.csproj", "{B52AE1C7-9632-43D4-A964-B6D803876306}"
EndProject
Project("{2150E333-8FDC-42A3-9474-1A3956D46DE8}") = "Tests", "Tests", "{E24CABA0-9944-44CA-AC7C-7A9B68ABEEBE}"
EndProject
Project("{9A19103F-16F7-4668-BE54-9A1E7A4F7556}") = "BestStories.Api.Tests", "tests\BestStories.Api.Tests\BestStories.Api.Tests.csproj", "{0A30DC21-2FA6-4419-BA07-2B2E3214FF67}"
EndProject
Project("{9A19103F-16F7-4668-BE54-9A1E7A4F7556}") = "BestStories.Api.Test.Harness", "tests\BestStories.Api.Test.Harness\BestStories.Api.Test.Harness.csproj", "{4EA200BB-2E0A-41D4-BCF4-EC1F533C5690}"
EndProject
Project("{9A19103F-16F7-4668-BE54-9A1E7A4F7556}") = "BestStories.Api.Benchmarks", "tests\BestStories.Api.Benchmarks\BestStories.Api.Benchmarks.csproj", "{EEDC1A07-8298-4C44-90BB-659C6CFA81A0}"
EndProject
Project("{FAE04EC0-301F-11D3-BF4B-00C04F79EFBC}") = "BestStories.Api.Core", "src\BestStories.Api.Core\BestStories.Api.Core.csproj", "{832689AF-0598-42BE-A517-BDDBD80787E3}"
EndProject
Global
	GlobalSection(SolutionConfigurationPlatforms) = preSolution
		Debug|Any CPU = Debug|Any CPU
		Release|Any CPU = Release|Any CPU
	EndGlobalSection
	GlobalSection(ProjectConfigurationPlatforms) = postSolution
		{B52AE1C7-9632-43D4-A964-B6D803876306}.Debug|Any CPU.ActiveCfg = Debug|Any CPU
		{B52AE1C7-9632-43D4-A964-B6D803876306}.Debug|Any CPU.Build.0 = Debug|Any CPU
		{B52AE1C7-9632-43D4-A964-B6D803876306}.Release|Any CPU.ActiveCfg = Release|Any CPU
		{B52AE1C7-9632-43D4-A964-B6D803876306}.Release|Any CPU.Build.0 = Release|Any CPU
		{0A30DC21-2FA6-4419-BA07-2B2E3214FF67}.Debug|Any CPU.ActiveCfg = Debug|Any CPU
		{0A30DC21-2FA6-4419-BA07-2B2E3214FF67}.Debug|Any CPU.Build.0 = Debug|Any CPU
		{0A30DC21-2FA6-4419-BA07-2B2E3214FF67}.Release|Any CPU.ActiveCfg = Release|Any CPU
		{0A30DC21-2FA6-4419-BA07-2B2E3214FF67}.Release|Any CPU.Build.0 = Release|Any CPU
		{4EA200BB-2E0A-41D4-BCF4-EC1F533C5690}.Debug|Any CPU.ActiveCfg = Debug|Any CPU
		{4EA200BB-2E0A-41D4-BCF4-EC1F533C5690}.Debug|Any CPU.Build.0 = Debug|Any CPU
		{4EA200BB-2E0A-41D4-BCF4-EC1F533C5690}.Release|Any CPU.ActiveCfg = Release|Any CPU
		{4EA200BB-2E0A-41D4-BCF4-EC1F533C5690}.Release|Any CPU.Build.0 = Release|Any CPU
		{EEDC1A07-8298-4C44-90BB-659C6CFA81A0}.Debug|Any CPU.ActiveCfg = Debug|Any CPU
		{EEDC1A07-8298-4C44-90BB-659C6CFA81A0}.Debug|Any CPU.Build.0 = Debug|Any CPU
		{EEDC1A07-8298-4C44-90BB-659C6CFA81A0}.Release|Any CPU.ActiveCfg = Release|Any CPU
		{EEDC1A07-8298-4C44-90BB-659C6CFA81A0}.Release|Any CPU.Build.0 = Release|Any CPU
		{832689AF-0598-42BE-A517-BDDBD80787E3}.Debug|Any CPU.ActiveCfg = Debug|Any CPU
		{832689AF-0598-42BE-A517-BDDBD80787E3}.Debug|Any CPU.Build.0 = Debug|Any CPU
		{832689AF-0598-42BE-A517-BDDBD80787E3}.Release|Any CPU.ActiveCfg = Release|Any CPU
		{832689AF-0598-42BE-A517-BDDBD80787E3}.Release|Any CPU.Build.0 = Release|Any CPU
	EndGlobalSection
	GlobalSection(SolutionProperties) = preSolution
		HideSolutionNode = FALSE
	EndGlobalSection
	GlobalSection(NestedProjects) = preSolution
		{0A30DC21-2FA6-4419-BA07-2B2E3214FF67} = {E24CABA0-9944-44CA-AC7C-7A9B68ABEEBE}
		{4EA200BB-2E0A-41D4-BCF4-EC1F533C5690} = {E24CABA0-9944-44CA-AC7C-7A9B68ABEEBE}
		{EEDC1A07-8298-4C44-90BB-659C6CFA81A0} = {E24CABA0-9944-44CA-AC7C-7A9B68ABEEBE}
	EndGlobalSection
	GlobalSection(ExtensibilityGlobals) = postSolution
		SolutionGuid = {156945AE-7D40-4799-A1DF-3E2FB5D7B0EF}
	EndGlobalSection
EndGlobal
