
Microsoft Visual Studio Solution File, Format Version 12.00
# Visual Studio Version 17
VisualStudioVersion = 17.6.33829.357
MinimumVisualStudioVersion = 10.0.40219.1
Project("{9A19103F-16F7-4668-BE54-9A1E7A4F7556}") = "BestStoriesApi.Tests", "tests\BestStoriesApi.Tests\BestStoriesApi.Tests.csproj", "{4B37CD45-8A4D-47B2-8606-FE42CC409BA8}"
EndProject
Project("{9A19103F-16F7-4668-BE54-9A1E7A4F7556}") = "BestStoriesApi.Test.Harness", "tests\BestStoriesApi.Test.Harness\BestStoriesApi.Test.Harness.csproj", "{CE9E357C-19B7-417F-84B6-235C8130D52D}"
EndProject
Project("{9A19103F-16F7-4668-BE54-9A1E7A4F7556}") = "BestStoriesApi", "src\BestStoriesApi\BestStoriesApi.csproj", "{41D7DB75-E893-40AB-A9D5-57CC34A7456C}"
EndProject
Project("{9A19103F-16F7-4668-BE54-9A1E7A4F7556}") = "BestStoriesApi.Benchmarks", "benchmarks\BestStoriesApi.Benchmarks\BestStoriesApi.Benchmarks.csproj", "{FE9A4F4C-CF11-4794-8E45-BCAD3EB3CE0C}"
EndProject
Global
	GlobalSection(SolutionConfigurationPlatforms) = preSolution
		Debug|Any CPU = Debug|Any CPU
		Release|Any CPU = Release|Any CPU
	EndGlobalSection
	GlobalSection(ProjectConfigurationPlatforms) = postSolution
		{4B37CD45-8A4D-47B2-8606-FE42CC409BA8}.Debug|Any CPU.ActiveCfg = Debug|Any CPU
		{4B37CD45-8A4D-47B2-8606-FE42CC409BA8}.Debug|Any CPU.Build.0 = Debug|Any CPU
		{4B37CD45-8A4D-47B2-8606-FE42CC409BA8}.Release|Any CPU.ActiveCfg = Release|Any CPU
		{4B37CD45-8A4D-47B2-8606-FE42CC409BA8}.Release|Any CPU.Build.0 = Release|Any CPU
		{CE9E357C-19B7-417F-84B6-235C8130D52D}.Debug|Any CPU.ActiveCfg = Debug|Any CPU
		{CE9E357C-19B7-417F-84B6-235C8130D52D}.Debug|Any CPU.Build.0 = Debug|Any CPU
		{CE9E357C-19B7-417F-84B6-235C8130D52D}.Release|Any CPU.ActiveCfg = Release|Any CPU
		{CE9E357C-19B7-417F-84B6-235C8130D52D}.Release|Any CPU.Build.0 = Release|Any CPU
		{41D7DB75-E893-40AB-A9D5-57CC34A7456C}.Debug|Any CPU.ActiveCfg = Debug|Any CPU
		{41D7DB75-E893-40AB-A9D5-57CC34A7456C}.Debug|Any CPU.Build.0 = Debug|Any CPU
		{41D7DB75-E893-40AB-A9D5-57CC34A7456C}.Release|Any CPU.ActiveCfg = Release|Any CPU
		{41D7DB75-E893-40AB-A9D5-57CC34A7456C}.Release|Any CPU.Build.0 = Release|Any CPU
		{FE9A4F4C-CF11-4794-8E45-BCAD3EB3CE0C}.Debug|Any CPU.ActiveCfg = Debug|Any CPU
		{FE9A4F4C-CF11-4794-8E45-BCAD3EB3CE0C}.Debug|Any CPU.Build.0 = Debug|Any CPU
		{FE9A4F4C-CF11-4794-8E45-BCAD3EB3CE0C}.Release|Any CPU.ActiveCfg = Release|Any CPU
		{FE9A4F4C-CF11-4794-8E45-BCAD3EB3CE0C}.Release|Any CPU.Build.0 = Release|Any CPU
	EndGlobalSection
	GlobalSection(SolutionProperties) = preSolution
		HideSolutionNode = FALSE
	EndGlobalSection
	GlobalSection(ExtensibilityGlobals) = postSolution
		SolutionGuid = {156945AE-7D40-4799-A1DF-3E2FB5D7B0EF}
	EndGlobalSection
EndGlobal
