
Microsoft Visual Studio Solution File, Format Version 12.00
# Visual Studio Version 17
VisualStudioVersion = 17.6.33829.357
MinimumVisualStudioVersion = 10.0.40219.1
Project("{9A19103F-16F7-4668-BE54-9A1E7A4F7556}") = "BestStoriesAPI", "src\BestStoriesAPI\BestStoriesAPI.csproj", "{B90BF6CB-7AE8-4EC1-B4FF-CCAD44611705}"
EndProject
Project("{2150E333-8FDC-42A3-9474-1A3956D46DE8}") = "Tests", "Tests", "{93123ABA-8E3D-417B-B4A9-2D9AB90CAEF8}"
EndProject
Project("{9A19103F-16F7-4668-BE54-9A1E7A4F7556}") = "BestStoriesAPI.Tests", "tests\BestStoriesAPI.Tests\BestStoriesAPI.Tests.csproj", "{66C0D462-D8E2-44FC-A123-794E3ABE4070}"
EndProject
Global
	GlobalSection(SolutionConfigurationPlatforms) = preSolution
		Debug|Any CPU = Debug|Any CPU
		Release|Any CPU = Release|Any CPU
	EndGlobalSection
	GlobalSection(ProjectConfigurationPlatforms) = postSolution
		{B90BF6CB-7AE8-4EC1-B4FF-CCAD44611705}.Debug|Any CPU.ActiveCfg = Debug|Any CPU
		{B90BF6CB-7AE8-4EC1-B4FF-CCAD44611705}.Debug|Any CPU.Build.0 = Debug|Any CPU
		{B90BF6CB-7AE8-4EC1-B4FF-CCAD44611705}.Release|Any CPU.ActiveCfg = Release|Any CPU
		{B90BF6CB-7AE8-4EC1-B4FF-CCAD44611705}.Release|Any CPU.Build.0 = Release|Any CPU
		{66C0D462-D8E2-44FC-A123-794E3ABE4070}.Debug|Any CPU.ActiveCfg = Debug|Any CPU
		{66C0D462-D8E2-44FC-A123-794E3ABE4070}.Debug|Any CPU.Build.0 = Debug|Any CPU
		{66C0D462-D8E2-44FC-A123-794E3ABE4070}.Release|Any CPU.ActiveCfg = Release|Any CPU
		{66C0D462-D8E2-44FC-A123-794E3ABE4070}.Release|Any CPU.Build.0 = Release|Any CPU
	EndGlobalSection
	GlobalSection(SolutionProperties) = preSolution
		HideSolutionNode = FALSE
	EndGlobalSection
	GlobalSection(NestedProjects) = preSolution
		{66C0D462-D8E2-44FC-A123-794E3ABE4070} = {93123ABA-8E3D-417B-B4A9-2D9AB90CAEF8}
	EndGlobalSection
	GlobalSection(ExtensibilityGlobals) = postSolution
		SolutionGuid = {156945AE-7D40-4799-A1DF-3E2FB5D7B0EF}
	EndGlobalSection
EndGlobal
